
Microsoft Visual Studio Solution File, Format Version 12.00
# Visual Studio Version 17
VisualStudioVersion = 17.9.34723.18
MinimumVisualStudioVersion = 10.0.40219.1
Project("{FAE04EC0-301F-11D3-BF4B-00C04F79EFBC}") = "SimpleChatApp", "SimpleChatApp\SimpleChatApp.csproj", "{CC63A79D-10D9-48E8-B896-F6D91D3122DC}"
EndProject
Global
	GlobalSection(SolutionConfigurationPlatforms) = preSolution
		Debug|Any CPU = Debug|Any CPU
		Release|Any CPU = Release|Any CPU
	EndGlobalSection
	GlobalSection(ProjectConfigurationPlatforms) = postSolution
		{CC63A79D-10D9-48E8-B896-F6D91D3122DC}.Debug|Any CPU.ActiveCfg = Debug|Any CPU
		{CC63A79D-10D9-48E8-B896-F6D91D3122DC}.Debug|Any CPU.Build.0 = Debug|Any CPU
		{CC63A79D-10D9-48E8-B896-F6D91D3122DC}.Release|Any CPU.ActiveCfg = Release|Any CPU
		{CC63A79D-10D9-48E8-B896-F6D91D3122DC}.Release|Any CPU.Build.0 = Release|Any CPU
	EndGlobalSection
	GlobalSection(SolutionProperties) = preSolution
		HideSolutionNode = FALSE
	EndGlobalSection
	GlobalSection(ExtensibilityGlobals) = postSolution
		SolutionGuid = {CFAE48DF-5F67-4EBF-8E0E-BF6AF84337D6}
	EndGlobalSection
EndGlobal
