
Microsoft Visual Studio Solution File, Format Version 12.00
# Visual Studio Version 17
VisualStudioVersion = 17.9.34723.18
MinimumVisualStudioVersion = 10.0.40219.1
Project("{FAE04EC0-301F-11D3-BF4B-00C04F79EFBC}") = "HouseRentingSystem-Workshop", "HouseRentingSystem-Workshop\HouseRentingSystem-Workshop.csproj", "{97DA386F-C4E9-4FB9-BD4E-8BEEBBEAB298}"
EndProject
Global
	GlobalSection(SolutionConfigurationPlatforms) = preSolution
		Debug|Any CPU = Debug|Any CPU
		Release|Any CPU = Release|Any CPU
	EndGlobalSection
	GlobalSection(ProjectConfigurationPlatforms) = postSolution
		{97DA386F-C4E9-4FB9-BD4E-8BEEBBEAB298}.Debug|Any CPU.ActiveCfg = Debug|Any CPU
		{97DA386F-C4E9-4FB9-BD4E-8BEEBBEAB298}.Debug|Any CPU.Build.0 = Debug|Any CPU
		{97DA386F-C4E9-4FB9-BD4E-8BEEBBEAB298}.Release|Any CPU.ActiveCfg = Release|Any CPU
		{97DA386F-C4E9-4FB9-BD4E-8BEEBBEAB298}.Release|Any CPU.Build.0 = Release|Any CPU
	EndGlobalSection
	GlobalSection(SolutionProperties) = preSolution
		HideSolutionNode = FALSE
	EndGlobalSection
	GlobalSection(ExtensibilityGlobals) = postSolution
		SolutionGuid = {BBDBA26B-3A7E-47CC-A02F-388F729CFE59}
	EndGlobalSection
EndGlobal
