
Microsoft Visual Studio Solution File, Format Version 12.00
# Visual Studio Version 17
VisualStudioVersion = 17.9.34723.18
MinimumVisualStudioVersion = 10.0.40219.1
Project("{FAE04EC0-301F-11D3-BF4B-00C04F79EFBC}") = "Create Simple Pages", "Create Simple Pages\Create Simple Pages.csproj", "{FFECCEDC-C6AD-4987-B25E-378E7B50E822}"
EndProject
Global
	GlobalSection(SolutionConfigurationPlatforms) = preSolution
		Debug|Any CPU = Debug|Any CPU
		Release|Any CPU = Release|Any CPU
	EndGlobalSection
	GlobalSection(ProjectConfigurationPlatforms) = postSolution
		{FFECCEDC-C6AD-4987-B25E-378E7B50E822}.Debug|Any CPU.ActiveCfg = Debug|Any CPU
		{FFECCEDC-C6AD-4987-B25E-378E7B50E822}.Debug|Any CPU.Build.0 = Debug|Any CPU
		{FFECCEDC-C6AD-4987-B25E-378E7B50E822}.Release|Any CPU.ActiveCfg = Release|Any CPU
		{FFECCEDC-C6AD-4987-B25E-378E7B50E822}.Release|Any CPU.Build.0 = Release|Any CPU
	EndGlobalSection
	GlobalSection(SolutionProperties) = preSolution
		HideSolutionNode = FALSE
	EndGlobalSection
	GlobalSection(ExtensibilityGlobals) = postSolution
		SolutionGuid = {3F221868-EA5C-4EDF-A131-BBB6C65A0A9F}
	EndGlobalSection
EndGlobal
