
Microsoft Visual Studio Solution File, Format Version 12.00
# Visual Studio Version 17
VisualStudioVersion = 17.9.34723.18
MinimumVisualStudioVersion = 10.0.40219.1
Project("{FAE04EC0-301F-11D3-BF4B-00C04F79EFBC}") = "ForumApp", "ForumApp\ForumApp.csproj", "{A340F37E-2228-46DD-B8AA-4B2AA1069279}"
EndProject
Project("{FAE04EC0-301F-11D3-BF4B-00C04F79EFBC}") = "ForumApp.Core", "ForumApp.Core\ForumApp.Core.csproj", "{46D01018-67BE-4DA5-8F86-9507F335F3D0}"
EndProject
Project("{FAE04EC0-301F-11D3-BF4B-00C04F79EFBC}") = "ForumApp.Infrastructure", "ForumApp.Infrastructure\ForumApp.Infrastructure.csproj", "{22B26049-5451-4EB3-8F79-952B56CC16A8}"
EndProject
Global
	GlobalSection(SolutionConfigurationPlatforms) = preSolution
		Debug|Any CPU = Debug|Any CPU
		Release|Any CPU = Release|Any CPU
	EndGlobalSection
	GlobalSection(ProjectConfigurationPlatforms) = postSolution
		{A340F37E-2228-46DD-B8AA-4B2AA1069279}.Debug|Any CPU.ActiveCfg = Debug|Any CPU
		{A340F37E-2228-46DD-B8AA-4B2AA1069279}.Debug|Any CPU.Build.0 = Debug|Any CPU
		{A340F37E-2228-46DD-B8AA-4B2AA1069279}.Release|Any CPU.ActiveCfg = Release|Any CPU
		{A340F37E-2228-46DD-B8AA-4B2AA1069279}.Release|Any CPU.Build.0 = Release|Any CPU
		{46D01018-67BE-4DA5-8F86-9507F335F3D0}.Debug|Any CPU.ActiveCfg = Debug|Any CPU
		{46D01018-67BE-4DA5-8F86-9507F335F3D0}.Debug|Any CPU.Build.0 = Debug|Any CPU
		{46D01018-67BE-4DA5-8F86-9507F335F3D0}.Release|Any CPU.ActiveCfg = Release|Any CPU
		{46D01018-67BE-4DA5-8F86-9507F335F3D0}.Release|Any CPU.Build.0 = Release|Any CPU
		{22B26049-5451-4EB3-8F79-952B56CC16A8}.Debug|Any CPU.ActiveCfg = Debug|Any CPU
		{22B26049-5451-4EB3-8F79-952B56CC16A8}.Debug|Any CPU.Build.0 = Debug|Any CPU
		{22B26049-5451-4EB3-8F79-952B56CC16A8}.Release|Any CPU.ActiveCfg = Release|Any CPU
		{22B26049-5451-4EB3-8F79-952B56CC16A8}.Release|Any CPU.Build.0 = Release|Any CPU
	EndGlobalSection
	GlobalSection(SolutionProperties) = preSolution
		HideSolutionNode = FALSE
	EndGlobalSection
	GlobalSection(ExtensibilityGlobals) = postSolution
		SolutionGuid = {68B2F0CE-027B-4DC3-AFA8-B5425AD0574A}
	EndGlobalSection
EndGlobal
